{
  "name": "mjcctech-ddp-server-reactive",
  "version": "0.2.1",
  "lockfileVersion": 1,
  "requires": true,
  "dependencies": {
    "ejson": {
      "version": "2.2.1",
      "resolved": "https://registry.npmjs.org/ejson/-/ejson-2.2.1.tgz",
      "integrity": "sha512-Tah5TfXynM7dCqnI/YyyI93/vN0hwXQrimNNzXIKmhr11vGrVtXhzwZ4Gyx+AHb4FqJa0YQORoaKnJHRB1TnwQ=="
    },
    "faye-websocket": {
      "version": "0.9.4",
      "resolved": "https://registry.npmjs.org/faye-websocket/-/faye-websocket-0.9.4.tgz",
      "integrity": "sha1-iFk0x57/sECVSeDAo4Ae0XpAza0=",
      "requires": {
        "websocket-driver": ">=0.5.1"
      }
    },
    "harmony-reflect": {
      "version": "1.6.2",
      "resolved": "https://registry.npmjs.org/harmony-reflect/-/harmony-reflect-1.6.2.tgz",
      "integrity": "sha512-HIp/n38R9kQjDEziXyDTuW3vvoxxyxjxFzXLrBr18uB47GnSt+G9D29fqrpM5ZkspMcPICud3XsBJQ4Y2URg8g=="
    },
    "http-parser-js": {
      "version": "0.5.3",
      "resolved": "https://registry.npmjs.org/http-parser-js/-/http-parser-js-0.5.3.tgz",
      "integrity": "sha512-t7hjvef/5HEK7RWTdUzVUhl8zkEu+LlaE0IYzdMuvbSDipxBRpOn4Uhw8ZyECEa808iVT8XCjzo6xmYt4CiLZg=="
    },
    "safe-buffer": {
      "version": "5.2.1",
      "resolved": "https://registry.npmjs.org/safe-buffer/-/safe-buffer-5.2.1.tgz",
      "integrity": "sha512-rp3So07KcdmmKbGvgaNxQSJr7bGVSVk5S9Eq1F+ppbRo70+YeaDxkw5Dd8NPN+GD6bjnYm2VuPuCXmpuYvmCXQ=="
    },
    "websocket-driver": {
      "version": "0.7.4",
      "resolved": "https://registry.npmjs.org/websocket-driver/-/websocket-driver-0.7.4.tgz",
      "integrity": "sha512-b17KeDIQVjvb0ssuSDF2cYXSg2iztliJ4B9WdsuB6J952qCPKmnVq4DyW5motImXHDC1cBT/1UezrJVsKw5zjg==",
      "requires": {
        "http-parser-js": ">=0.5.1",
        "safe-buffer": ">=5.1.0",
        "websocket-extensions": ">=0.1.1"
      }
    },
    "websocket-extensions": {
      "version": "0.1.4",
      "resolved": "https://registry.npmjs.org/websocket-extensions/-/websocket-extensions-0.1.4.tgz",
      "integrity": "sha512-OqedPIGOfsDlo31UNwYbCFMSaO9m9G/0faIHj5/dZFDMFqPTcx6UwqyOy3COEaEOg/9VsGIpdqn62W5KhoKSpg=="
    }
  }
}
